
Microsoft Visual Studio Solution File, Format Version 12.00
# Visual Studio Version 17
VisualStudioVersion = 17.2.32616.157
MinimumVisualStudioVersion = 10.0.40219.1
Project("{9A19103F-16F7-4668-BE54-9A1E7A4F7556}") = "prototype-htmx", "prototype-htmx\prototype-htmx.csproj", "{C6BA7FB6-1352-47F5-8F7D-3607DD18AE6D}"
EndProject
Global
	GlobalSection(SolutionConfigurationPlatforms) = preSolution
		Debug|Any CPU = Debug|Any CPU
		Release|Any CPU = Release|Any CPU
	EndGlobalSection
	GlobalSection(ProjectConfigurationPlatforms) = postSolution
		{C6BA7FB6-1352-47F5-8F7D-3607DD18AE6D}.Debug|Any CPU.ActiveCfg = Debug|Any CPU
		{C6BA7FB6-1352-47F5-8F7D-3607DD18AE6D}.Debug|Any CPU.Build.0 = Debug|Any CPU
		{C6BA7FB6-1352-47F5-8F7D-3607DD18AE6D}.Release|Any CPU.ActiveCfg = Release|Any CPU
		{C6BA7FB6-1352-47F5-8F7D-3607DD18AE6D}.Release|Any CPU.Build.0 = Release|Any CPU
	EndGlobalSection
	GlobalSection(SolutionProperties) = preSolution
		HideSolutionNode = FALSE
	EndGlobalSection
	GlobalSection(ExtensibilityGlobals) = postSolution
		SolutionGuid = {85E7379E-62A8-4190-98FD-3C2223AF4896}
	EndGlobalSection
EndGlobal
